
Microsoft Visual Studio Solution File, Format Version 12.00
# Visual Studio 15
VisualStudioVersion = 15.0.28307.779
MinimumVisualStudioVersion = 10.0.40219.1
Project("{FAE04EC0-301F-11D3-BF4B-00C04F79EFBC}") = "LinqExercide", "LinqExercide\LinqExercide.csproj", "{C12B576B-CE29-4DF0-A94C-7C954F4F43D8}"
EndProject
Global
	GlobalSection(SolutionConfigurationPlatforms) = preSolution
		Debug|Any CPU = Debug|Any CPU
		Release|Any CPU = Release|Any CPU
	EndGlobalSection
	GlobalSection(ProjectConfigurationPlatforms) = postSolution
		{C12B576B-CE29-4DF0-A94C-7C954F4F43D8}.Debug|Any CPU.ActiveCfg = Debug|Any CPU
		{C12B576B-CE29-4DF0-A94C-7C954F4F43D8}.Debug|Any CPU.Build.0 = Debug|Any CPU
		{C12B576B-CE29-4DF0-A94C-7C954F4F43D8}.Release|Any CPU.ActiveCfg = Release|Any CPU
		{C12B576B-CE29-4DF0-A94C-7C954F4F43D8}.Release|Any CPU.Build.0 = Release|Any CPU
	EndGlobalSection
	GlobalSection(SolutionProperties) = preSolution
		HideSolutionNode = FALSE
	EndGlobalSection
	GlobalSection(ExtensibilityGlobals) = postSolution
		SolutionGuid = {DED77980-2034-41C7-9BEC-3F73CD3F7AC1}
	EndGlobalSection
EndGlobal
